
Microsoft Visual Studio Solution File, Format Version 12.00
# Visual Studio Version 17
VisualStudioVersion = 17.4.33213.308
MinimumVisualStudioVersion = 10.0.40219.1
Project("{F184B08F-C81C-45F6-A57F-5ABD9991F28F}") = "UXEDP", "UXEDP\UXEDP.vbproj", "{91F66054-E678-4FCE-AA5D-F02457E3911D}"
EndProject
Global
	GlobalSection(SolutionConfigurationPlatforms) = preSolution
		Debug|Any CPU = Debug|Any CPU
		Release|Any CPU = Release|Any CPU
	EndGlobalSection
	GlobalSection(ProjectConfigurationPlatforms) = postSolution
		{91F66054-E678-4FCE-AA5D-F02457E3911D}.Debug|Any CPU.ActiveCfg = Debug|Any CPU
		{91F66054-E678-4FCE-AA5D-F02457E3911D}.Debug|Any CPU.Build.0 = Debug|Any CPU
		{91F66054-E678-4FCE-AA5D-F02457E3911D}.Release|Any CPU.ActiveCfg = Release|Any CPU
		{91F66054-E678-4FCE-AA5D-F02457E3911D}.Release|Any CPU.Build.0 = Release|Any CPU
	EndGlobalSection
	GlobalSection(SolutionProperties) = preSolution
		HideSolutionNode = FALSE
	EndGlobalSection
	GlobalSection(ExtensibilityGlobals) = postSolution
		SolutionGuid = {D5F12289-7587-45A9-86E6-1C6048D4732A}
	EndGlobalSection
EndGlobal
